// !$*UTF8*$!
{
	archiveVersion = 1;
	classes = {
	};
	objectVersion = 50;
	objects = {

/* Begin PBXBuildFile section */
		ADB689532326708D006D4E2B /* AppDelegate.swift in Sources */ = {isa = PBXBuildFile; fileRef = ADB689522326708D006D4E2B /* AppDelegate.swift */; };
		ADB689552326708D006D4E2B /* SceneDelegate.swift in Sources */ = {isa = PBXBuildFile; fileRef = ADB689542326708D006D4E2B /* SceneDelegate.swift */; };
		ADB689572326708D006D4E2B /* CalculatorViewController.swift in Sources */ = {isa = PBXBuildFile; fileRef = ADB689562326708D006D4E2B /* CalculatorViewController.swift */; };
		ADB6895A2326708D006D4E2B /* Main.storyboard in Resources */ = {isa = PBXBuildFile; fileRef = ADB689582326708D006D4E2B /* Main.storyboard */; };
		ADB6895C2326708E006D4E2B /* Assets.xcassets in Resources */ = {isa = PBXBuildFile; fileRef = ADB6895B2326708E006D4E2B /* Assets.xcassets */; };
		ADB6895F2326708E006D4E2B /* LaunchScreen.storyboard in Resources */ = {isa = PBXBuildFile; fileRef = ADB6895D2326708E006D4E2B /* LaunchScreen.storyboard */; };
		D9214CFE2769538E00FEAA0E /* TipCalculatorBrain.swift in Sources */ = {isa = PBXBuildFile; fileRef = D9214CFD2769538E00FEAA0E /* TipCalculatorBrain.swift */; };
		D9487A16276C1DDC00BDE7AF /* TipsyUnitTest.swift in Sources */ = {isa = PBXBuildFile; fileRef = D9487A15276C1DDC00BDE7AF /* TipsyUnitTest.swift */; };
		D963D0502763E6230094E0C2 /* ResultsViewController.swift in Sources */ = {isa = PBXBuildFile; fileRef = D963D04F2763E6230094E0C2 /* ResultsViewController.swift */; };
		D9D3DD33277290F900A7A3DF /* ResultsViewControllerTests.swift in Sources */ = {isa = PBXBuildFile; fileRef = D9D3DD32277290F900A7A3DF /* ResultsViewControllerTests.swift */; };
		D9D3DD352772995700A7A3DF /* Bill.swift in Sources */ = {isa = PBXBuildFile; fileRef = D9D3DD342772995700A7A3DF /* Bill.swift */; };
/* End PBXBuildFile section */

/* Begin PBXContainerItemProxy section */
		D9487A17276C1DDC00BDE7AF /* PBXContainerItemProxy */ = {
			isa = PBXContainerItemProxy;
			containerPortal = ADB689472326708D006D4E2B /* Project object */;
			proxyType = 1;
			remoteGlobalIDString = ADB6894E2326708D006D4E2B;
			remoteInfo = Tipsy;
		};
/* End PBXContainerItemProxy section */

/* Begin PBXFileReference section */
		ADB6894F2326708D006D4E2B /* Tipsy.app */ = {isa = PBXFileReference; explicitFileType = wrapper.application; includeInIndex = 0; path = Tipsy.app; sourceTree = BUILT_PRODUCTS_DIR; };
		ADB689522326708D006D4E2B /* AppDelegate.swift */ = {isa = PBXFileReference; lastKnownFileType = sourcecode.swift; path = AppDelegate.swift; sourceTree = "<group>"; };
		ADB689542326708D006D4E2B /* SceneDelegate.swift */ = {isa = PBXFileReference; lastKnownFileType = sourcecode.swift; path = SceneDelegate.swift; sourceTree = "<group>"; };
		ADB689562326708D006D4E2B /* CalculatorViewController.swift */ = {isa = PBXFileReference; lastKnownFileType = sourcecode.swift; path = CalculatorViewController.swift; sourceTree = "<group>"; };
		ADB689592326708D006D4E2B /* Base */ = {isa = PBXFileReference; lastKnownFileType = file.storyboard; name = Base; path = Base.lproj/Main.storyboard; sourceTree = "<group>"; };
		ADB6895B2326708E006D4E2B /* Assets.xcassets */ = {isa = PBXFileReference; lastKnownFileType = folder.assetcatalog; path = Assets.xcassets; sourceTree = "<group>"; };
		ADB6895E2326708E006D4E2B /* Base */ = {isa = PBXFileReference; lastKnownFileType = file.storyboard; name = Base; path = Base.lproj/LaunchScreen.storyboard; sourceTree = "<group>"; };
		ADB689602326708E006D4E2B /* Info.plist */ = {isa = PBXFileReference; lastKnownFileType = text.plist.xml; path = Info.plist; sourceTree = "<group>"; };
		D9214CFD2769538E00FEAA0E /* TipCalculatorBrain.swift */ = {isa = PBXFileReference; lastKnownFileType = sourcecode.swift; path = TipCalculatorBrain.swift; sourceTree = "<group>"; };
		D9487A13276C1DDC00BDE7AF /* TipsyUnitTest.xctest */ = {isa = PBXFileReference; explicitFileType = wrapper.cfbundle; includeInIndex = 0; path = TipsyUnitTest.xctest; sourceTree = BUILT_PRODUCTS_DIR; };
		D9487A15276C1DDC00BDE7AF /* TipsyUnitTest.swift */ = {isa = PBXFileReference; lastKnownFileType = sourcecode.swift; path = TipsyUnitTest.swift; sourceTree = "<group>"; };
		D963D04F2763E6230094E0C2 /* ResultsViewController.swift */ = {isa = PBXFileReference; lastKnownFileType = sourcecode.swift; path = ResultsViewController.swift; sourceTree = "<group>"; };
		D9D3DD32277290F900A7A3DF /* ResultsViewControllerTests.swift */ = {isa = PBXFileReference; lastKnownFileType = sourcecode.swift; path = ResultsViewControllerTests.swift; sourceTree = "<group>"; };
		D9D3DD342772995700A7A3DF /* Bill.swift */ = {isa = PBXFileReference; lastKnownFileType = sourcecode.swift; path = Bill.swift; sourceTree = "<group>"; };
/* End PBXFileReference section */

/* Begin PBXFrameworksBuildPhase section */
		ADB6894C2326708D006D4E2B /* Frameworks */ = {
			isa = PBXFrameworksBuildPhase;
			buildActionMask = 2147483647;
			files = (
			);
			runOnlyForDeploymentPostprocessing = 0;
		};
		D9487A10276C1DDC00BDE7AF /* Frameworks */ = {
			isa = PBXFrameworksBuildPhase;
			buildActionMask = 2147483647;
			files = (
			);
			runOnlyForDeploymentPostprocessing = 0;
		};
/* End PBXFrameworksBuildPhase section */

/* Begin PBXGroup section */
		ADB689462326708D006D4E2B = {
			isa = PBXGroup;
			children = (
				ADB689512326708D006D4E2B /* Tipsy */,
				D9487A14276C1DDC00BDE7AF /* TipsyUnitTest */,
				ADB689502326708D006D4E2B /* Products */,
			);
			sourceTree = "<group>";
		};
		ADB689502326708D006D4E2B /* Products */ = {
			isa = PBXGroup;
			children = (
				ADB6894F2326708D006D4E2B /* Tipsy.app */,
				D9487A13276C1DDC00BDE7AF /* TipsyUnitTest.xctest */,
			);
			name = Products;
			sourceTree = "<group>";
		};
		ADB689512326708D006D4E2B /* Tipsy */ = {
			isa = PBXGroup;
			children = (
				D9F464F62763EFA5008F1BB8 /* Model */,
				ADB689522326708D006D4E2B /* AppDelegate.swift */,
				ADB689542326708D006D4E2B /* SceneDelegate.swift */,
				D963D0512763E64F0094E0C2 /* Controllers */,
				D9F464F52763E7FC008F1BB8 /* Views */,
				ADB6895B2326708E006D4E2B /* Assets.xcassets */,
				ADB6895D2326708E006D4E2B /* LaunchScreen.storyboard */,
				ADB689602326708E006D4E2B /* Info.plist */,
			);
			path = Tipsy;
			sourceTree = "<group>";
		};
		D9487A14276C1DDC00BDE7AF /* TipsyUnitTest */ = {
			isa = PBXGroup;
			children = (
				D9487A15276C1DDC00BDE7AF /* TipsyUnitTest.swift */,
				D9D3DD32277290F900A7A3DF /* ResultsViewControllerTests.swift */,
			);
			path = TipsyUnitTest;
			sourceTree = "<group>";
		};
		D963D0512763E64F0094E0C2 /* Controllers */ = {
			isa = PBXGroup;
			children = (
				D963D04F2763E6230094E0C2 /* ResultsViewController.swift */,
				ADB689562326708D006D4E2B /* CalculatorViewController.swift */,
			);
			path = Controllers;
			sourceTree = "<group>";
		};
		D9F464F52763E7FC008F1BB8 /* Views */ = {
			isa = PBXGroup;
			children = (
				ADB689582326708D006D4E2B /* Main.storyboard */,
			);
			path = Views;
			sourceTree = "<group>";
		};
		D9F464F62763EFA5008F1BB8 /* Model */ = {
			isa = PBXGroup;
			children = (
				D9214CFD2769538E00FEAA0E /* TipCalculatorBrain.swift */,
				D9D3DD342772995700A7A3DF /* Bill.swift */,
			);
			path = Model;
			sourceTree = "<group>";
		};
/* End PBXGroup section */

/* Begin PBXNativeTarget section */
		ADB6894E2326708D006D4E2B /* Tipsy */ = {
			isa = PBXNativeTarget;
			buildConfigurationList = ADB689632326708E006D4E2B /* Build configuration list for PBXNativeTarget "Tipsy" */;
			buildPhases = (
				ADB6894B2326708D006D4E2B /* Sources */,
				ADB6894C2326708D006D4E2B /* Frameworks */,
				ADB6894D2326708D006D4E2B /* Resources */,
			);
			buildRules = (
			);
			dependencies = (
			);
			name = Tipsy;
			productName = Tipsy;
			productReference = ADB6894F2326708D006D4E2B /* Tipsy.app */;
			productType = "com.apple.product-type.application";
		};
		D9487A12276C1DDC00BDE7AF /* TipsyUnitTest */ = {
			isa = PBXNativeTarget;
			buildConfigurationList = D9487A19276C1DDC00BDE7AF /* Build configuration list for PBXNativeTarget "TipsyUnitTest" */;
			buildPhases = (
				D9487A0F276C1DDC00BDE7AF /* Sources */,
				D9487A10276C1DDC00BDE7AF /* Frameworks */,
				D9487A11276C1DDC00BDE7AF /* Resources */,
			);
			buildRules = (
			);
			dependencies = (
				D9487A18276C1DDC00BDE7AF /* PBXTargetDependency */,
			);
			name = TipsyUnitTest;
			productName = TipsyUnitTest;
			productReference = D9487A13276C1DDC00BDE7AF /* TipsyUnitTest.xctest */;
			productType = "com.apple.product-type.bundle.unit-test";
		};
/* End PBXNativeTarget section */

/* Begin PBXProject section */
		ADB689472326708D006D4E2B /* Project object */ = {
			isa = PBXProject;
			attributes = {
				LastSwiftUpdateCheck = 1320;
				LastUpgradeCheck = 1100;
				ORGANIZATIONNAME = "The App Brewery";
				TargetAttributes = {
					ADB6894E2326708D006D4E2B = {
						CreatedOnToolsVersion = 11.0;
					};
					D9487A12276C1DDC00BDE7AF = {
						CreatedOnToolsVersion = 13.2;
						TestTargetID = ADB6894E2326708D006D4E2B;
					};
				};
			};
			buildConfigurationList = ADB6894A2326708D006D4E2B /* Build configuration list for PBXProject "Tipsy" */;
			compatibilityVersion = "Xcode 9.3";
			developmentRegion = en;
			hasScannedForEncodings = 0;
			knownRegions = (
				en,
				Base,
			);
			mainGroup = ADB689462326708D006D4E2B;
			productRefGroup = ADB689502326708D006D4E2B /* Products */;
			projectDirPath = "";
			projectRoot = "";
			targets = (
				ADB6894E2326708D006D4E2B /* Tipsy */,
				D9487A12276C1DDC00BDE7AF /* TipsyUnitTest */,
			);
		};
/* End PBXProject section */

/* Begin PBXResourcesBuildPhase section */
		ADB6894D2326708D006D4E2B /* Resources */ = {
			isa = PBXResourcesBuildPhase;
			buildActionMask = 2147483647;
			files = (
				ADB6895F2326708E006D4E2B /* LaunchScreen.storyboard in Resources */,
				ADB6895C2326708E006D4E2B /* Assets.xcassets in Resources */,
				ADB6895A2326708D006D4E2B /* Main.storyboard in Resources */,
			);
			runOnlyForDeploymentPostprocessing = 0;
		};
		D9487A11276C1DDC00BDE7AF /* Resources */ = {
			isa = PBXResourcesBuildPhase;
			buildActionMask = 2147483647;
			files = (
			);
			runOnlyForDeploymentPostprocessing = 0;
		};
/* End PBXResourcesBuildPhase section */

/* Begin PBXSourcesBuildPhase section */
		ADB6894B2326708D006D4E2B /* Sources */ = {
			isa = PBXSourcesBuildPhase;
			buildActionMask = 2147483647;
			files = (
				ADB689572326708D006D4E2B /* CalculatorViewController.swift in Sources */,
				ADB689532326708D006D4E2B /* AppDelegate.swift in Sources */,
				ADB689552326708D006D4E2B /* SceneDelegate.swift in Sources */,
				D963D0502763E6230094E0C2 /* ResultsViewController.swift in Sources */,
				D9D3DD352772995700A7A3DF /* Bill.swift in Sources */,
				D9214CFE2769538E00FEAA0E /* TipCalculatorBrain.swift in Sources */,
			);
			runOnlyForDeploymentPostprocessing = 0;
		};
		D9487A0F276C1DDC00BDE7AF /* Sources */ = {
			isa = PBXSourcesBuildPhase;
			buildActionMask = 2147483647;
			files = (
				D9D3DD33277290F900A7A3DF /* ResultsViewControllerTests.swift in Sources */,
				D9487A16276C1DDC00BDE7AF /* TipsyUnitTest.swift in Sources */,
			);
			runOnlyForDeploymentPostprocessing = 0;
		};
/* End PBXSourcesBuildPhase section */

/* Begin PBXTargetDependency section */
		D9487A18276C1DDC00BDE7AF /* PBXTargetDependency */ = {
			isa = PBXTargetDependency;
			target = ADB6894E2326708D006D4E2B /* Tipsy */;
			targetProxy = D9487A17276C1DDC00BDE7AF /* PBXContainerItemProxy */;
		};
/* End PBXTargetDependency section */

/* Begin PBXVariantGroup section */
		ADB689582326708D006D4E2B /* Main.storyboard */ = {
			isa = PBXVariantGroup;
			children = (
				ADB689592326708D006D4E2B /* Base */,
			);
			name = Main.storyboard;
			sourceTree = "<group>";
		};
		ADB6895D2326708E006D4E2B /* LaunchScreen.storyboard */ = {
			isa = PBXVariantGroup;
			children = (
				ADB6895E2326708E006D4E2B /* Base */,
			);
			name = LaunchScreen.storyboard;
			sourceTree = "<group>";
		};
/* End PBXVariantGroup section */

/* Begin XCBuildConfiguration section */
		ADB689612326708E006D4E2B /* Debug */ = {
			isa = XCBuildConfiguration;
			buildSettings = {
				ALWAYS_SEARCH_USER_PATHS = NO;
				CLANG_ANALYZER_NONNULL = YES;
				CLANG_ANALYZER_NUMBER_OBJECT_CONVERSION = YES_AGGRESSIVE;
				CLANG_CXX_LANGUAGE_STANDARD = "gnu++14";
				CLANG_CXX_LIBRARY = "libc++";
				CLANG_ENABLE_MODULES = YES;
				CLANG_ENABLE_OBJC_ARC = YES;
				CLANG_ENABLE_OBJC_WEAK = YES;
				CLANG_WARN_BLOCK_CAPTURE_AUTORELEASING = YES;
				CLANG_WARN_BOOL_CONVERSION = YES;
				CLANG_WARN_COMMA = YES;
				CLANG_WARN_CONSTANT_CONVERSION = YES;
				CLANG_WARN_DEPRECATED_OBJC_IMPLEMENTATIONS = YES;
				CLANG_WARN_DIRECT_OBJC_ISA_USAGE = YES_ERROR;
				CLANG_WARN_DOCUMENTATION_COMMENTS = YES;
				CLANG_WARN_EMPTY_BODY = YES;
				CLANG_WARN_ENUM_CONVERSION = YES;
				CLANG_WARN_INFINITE_RECURSION = YES;
				CLANG_WARN_INT_CONVERSION = YES;
				CLANG_WARN_NON_LITERAL_NULL_CONVERSION = YES;
				CLANG_WARN_OBJC_IMPLICIT_RETAIN_SELF = YES;
				CLANG_WARN_OBJC_LITERAL_CONVERSION = YES;
				CLANG_WARN_OBJC_ROOT_CLASS = YES_ERROR;
				CLANG_WARN_RANGE_LOOP_ANALYSIS = YES;
				CLANG_WARN_STRICT_PROTOTYPES = YES;
				CLANG_WARN_SUSPICIOUS_MOVE = YES;
				CLANG_WARN_UNGUARDED_AVAILABILITY = YES_AGGRESSIVE;
				CLANG_WARN_UNREACHABLE_CODE = YES;
				CLANG_WARN__DUPLICATE_METHOD_MATCH = YES;
				COPY_PHASE_STRIP = NO;
				DEBUG_INFORMATION_FORMAT = dwarf;
				ENABLE_STRICT_OBJC_MSGSEND = YES;
				ENABLE_TESTABILITY = YES;
				GCC_C_LANGUAGE_STANDARD = gnu11;
				GCC_DYNAMIC_NO_PIC = NO;
				GCC_NO_COMMON_BLOCKS = YES;
				GCC_OPTIMIZATION_LEVEL = 0;
				GCC_PREPROCESSOR_DEFINITIONS = (
					"DEBUG=1",
					"$(inherited)",
				);
				GCC_WARN_64_TO_32_BIT_CONVERSION = YES;
				GCC_WARN_ABOUT_RETURN_TYPE = YES_ERROR;
				GCC_WARN_UNDECLARED_SELECTOR = YES;
				GCC_WARN_UNINITIALIZED_AUTOS = YES_AGGRESSIVE;
				GCC_WARN_UNUSED_FUNCTION = YES;
				GCC_WARN_UNUSED_VARIABLE = YES;
				IPHONEOS_DEPLOYMENT_TARGET = 13.0;
				MTL_ENABLE_DEBUG_INFO = INCLUDE_SOURCE;
				MTL_FAST_MATH = YES;
				ONLY_ACTIVE_ARCH = YES;
				SDKROOT = iphoneos;
				SWIFT_ACTIVE_COMPILATION_CONDITIONS = DEBUG;
				SWIFT_OPTIMIZATION_LEVEL = "-Onone";
			};
			name = Debug;
		};
		ADB689622326708E006D4E2B /* Release */ = {
			isa = XCBuildConfiguration;
			buildSettings = {
				ALWAYS_SEARCH_USER_PATHS = NO;
				CLANG_ANALYZER_NONNULL = YES;
				CLANG_ANALYZER_NUMBER_OBJECT_CONVERSION = YES_AGGRESSIVE;
				CLANG_CXX_LANGUAGE_STANDARD = "gnu++14";
				CLANG_CXX_LIBRARY = "libc++";
				CLANG_ENABLE_MODULES = YES;
				CLANG_ENABLE_OBJC_ARC = YES;
				CLANG_ENABLE_OBJC_WEAK = YES;
				CLANG_WARN_BLOCK_CAPTURE_AUTORELEASING = YES;
				CLANG_WARN_BOOL_CONVERSION = YES;
				CLANG_WARN_COMMA = YES;
				CLANG_WARN_CONSTANT_CONVERSION = YES;
				CLANG_WARN_DEPRECATED_OBJC_IMPLEMENTATIONS = YES;
				CLANG_WARN_DIRECT_OBJC_ISA_USAGE = YES_ERROR;
				CLANG_WARN_DOCUMENTATION_COMMENTS = YES;
				CLANG_WARN_EMPTY_BODY = YES;
				CLANG_WARN_ENUM_CONVERSION = YES;
				CLANG_WARN_INFINITE_RECURSION = YES;
				CLANG_WARN_INT_CONVERSION = YES;
				CLANG_WARN_NON_LITERAL_NULL_CONVERSION = YES;
				CLANG_WARN_OBJC_IMPLICIT_RETAIN_SELF = YES;
				CLANG_WARN_OBJC_LITERAL_CONVERSION = YES;
				CLANG_WARN_OBJC_ROOT_CLASS = YES_ERROR;
				CLANG_WARN_RANGE_LOOP_ANALYSIS = YES;
				CLANG_WARN_STRICT_PROTOTYPES = YES;
				CLANG_WARN_SUSPICIOUS_MOVE = YES;
				CLANG_WARN_UNGUARDED_AVAILABILITY = YES_AGGRESSIVE;
				CLANG_WARN_UNREACHABLE_CODE = YES;
				CLANG_WARN__DUPLICATE_METHOD_MATCH = YES;
				COPY_PHASE_STRIP = NO;
				DEBUG_INFORMATION_FORMAT = "dwarf-with-dsym";
				ENABLE_NS_ASSERTIONS = NO;
				ENABLE_STRICT_OBJC_MSGSEND = YES;
				GCC_C_LANGUAGE_STANDARD = gnu11;
				GCC_NO_COMMON_BLOCKS = YES;
				GCC_WARN_64_TO_32_BIT_CONVERSION = YES;
				GCC_WARN_ABOUT_RETURN_TYPE = YES_ERROR;
				GCC_WARN_UNDECLARED_SELECTOR = YES;
				GCC_WARN_UNINITIALIZED_AUTOS = YES_AGGRESSIVE;
				GCC_WARN_UNUSED_FUNCTION = YES;
				GCC_WARN_UNUSED_VARIABLE = YES;
				IPHONEOS_DEPLOYMENT_TARGET = 13.0;
				MTL_ENABLE_DEBUG_INFO = NO;
				MTL_FAST_MATH = YES;
				SDKROOT = iphoneos;
				SWIFT_COMPILATION_MODE = wholemodule;
				SWIFT_OPTIMIZATION_LEVEL = "-O";
				VALIDATE_PRODUCT = YES;
			};
			name = Release;
		};
		ADB689642326708E006D4E2B /* Debug */ = {
			isa = XCBuildConfiguration;
			buildSettings = {
				ASSETCATALOG_COMPILER_APPICON_NAME = AppIcon;
				CODE_SIGN_STYLE = Automatic;
				DEVELOPMENT_TEAM = K8VD6W3JRZ;
				INFOPLIST_FILE = Tipsy/Info.plist;
				LD_RUNPATH_SEARCH_PATHS = (
					"$(inherited)",
					"@executable_path/Frameworks",
				);
				PRODUCT_BUNDLE_IDENTIFIER = com.matheusgoes.Tipsy;
				PRODUCT_NAME = "$(TARGET_NAME)";
				SWIFT_VERSION = 5.0;
				TARGETED_DEVICE_FAMILY = 1;
			};
			name = Debug;
		};
		ADB689652326708E006D4E2B /* Release */ = {
			isa = XCBuildConfiguration;
			buildSettings = {
				ASSETCATALOG_COMPILER_APPICON_NAME = AppIcon;
				CODE_SIGN_STYLE = Automatic;
				DEVELOPMENT_TEAM = K8VD6W3JRZ;
				INFOPLIST_FILE = Tipsy/Info.plist;
				LD_RUNPATH_SEARCH_PATHS = (
					"$(inherited)",
					"@executable_path/Frameworks",
				);
				PRODUCT_BUNDLE_IDENTIFIER = com.matheusgoes.Tipsy;
				PRODUCT_NAME = "$(TARGET_NAME)";
				SWIFT_VERSION = 5.0;
				TARGETED_DEVICE_FAMILY = 1;
			};
			name = Release;
		};
		D9487A1A276C1DDC00BDE7AF /* Debug */ = {
			isa = XCBuildConfiguration;
			buildSettings = {
				BUNDLE_LOADER = "$(TEST_HOST)";
				CLANG_CXX_LANGUAGE_STANDARD = "gnu++17";
				CLANG_WARN_QUOTED_INCLUDE_IN_FRAMEWORK_HEADER = YES;
				CODE_SIGN_STYLE = Automatic;
				CURRENT_PROJECT_VERSION = 1;
				DEVELOPMENT_TEAM = K8VD6W3JRZ;
				GENERATE_INFOPLIST_FILE = YES;
				IPHONEOS_DEPLOYMENT_TARGET = 15.2;
				MARKETING_VERSION = 1.0;
				PRODUCT_BUNDLE_IDENTIFIER = com.matheusgoes.TipsyUnitTest;
				PRODUCT_NAME = "$(TARGET_NAME)";
				SWIFT_EMIT_LOC_STRINGS = NO;
				SWIFT_VERSION = 5.0;
				TARGETED_DEVICE_FAMILY = "1,2";
				TEST_HOST = "$(BUILT_PRODUCTS_DIR)/Tipsy.app/Tipsy";
			};
			name = Debug;
		};
		D9487A1B276C1DDC00BDE7AF /* Release */ = {
			isa = XCBuildConfiguration;
			buildSettings = {
				BUNDLE_LOADER = "$(TEST_HOST)";
				CLANG_CXX_LANGUAGE_STANDARD = "gnu++17";
				CLANG_WARN_QUOTED_INCLUDE_IN_FRAMEWORK_HEADER = YES;
				CODE_SIGN_STYLE = Automatic;
				CURRENT_PROJECT_VERSION = 1;
				DEVELOPMENT_TEAM = K8VD6W3JRZ;
				GENERATE_INFOPLIST_FILE = YES;
				IPHONEOS_DEPLOYMENT_TARGET = 15.2;
				MARKETING_VERSION = 1.0;
				PRODUCT_BUNDLE_IDENTIFIER = com.matheusgoes.TipsyUnitTest;
				PRODUCT_NAME = "$(TARGET_NAME)";
				SWIFT_EMIT_LOC_STRINGS = NO;
				SWIFT_VERSION = 5.0;
				TARGETED_DEVICE_FAMILY = "1,2";
				TEST_HOST = "$(BUILT_PRODUCTS_DIR)/Tipsy.app/Tipsy";
			};
			name = Release;
		};
/* End XCBuildConfiguration section */

/* Begin XCConfigurationList section */
		ADB6894A2326708D006D4E2B /* Build configuration list for PBXProject "Tipsy" */ = {
			isa = XCConfigurationList;
			buildConfigurations = (
				ADB689612326708E006D4E2B /* Debug */,
				ADB689622326708E006D4E2B /* Release */,
			);
			defaultConfigurationIsVisible = 0;
			defaultConfigurationName = Release;
		};
		ADB689632326708E006D4E2B /* Build configuration list for PBXNativeTarget "Tipsy" */ = {
			isa = XCConfigurationList;
			buildConfigurations = (
				ADB689642326708E006D4E2B /* Debug */,
				ADB689652326708E006D4E2B /* Release */,
			);
			defaultConfigurationIsVisible = 0;
			defaultConfigurationName = Release;
		};
		D9487A19276C1DDC00BDE7AF /* Build configuration list for PBXNativeTarget "TipsyUnitTest" */ = {
			isa = XCConfigurationList;
			buildConfigurations = (
				D9487A1A276C1DDC00BDE7AF /* Debug */,
				D9487A1B276C1DDC00BDE7AF /* Release */,
			);
			defaultConfigurationIsVisible = 0;
			defaultConfigurationName = Release;
		};
/* End XCConfigurationList section */
	};
	rootObject = ADB689472326708D006D4E2B /* Project object */;
}
